
Microsoft Visual Studio Solution File, Format Version 12.00
# Visual Studio 15
VisualStudioVersion = 15.0.27703.2042
MinimumVisualStudioVersion = 10.0.40219.1
Project("{FAE04EC0-301F-11D3-BF4B-00C04F79EFBC}") = "Cretan.Android", "Cretan\Cretan.Android\Cretan.Android.csproj", "{6B373408-19B0-4DC9-B9BB-C491AFF0406A}"
EndProject
Project("{FAE04EC0-301F-11D3-BF4B-00C04F79EFBC}") = "Cretan.iOS", "Cretan\Cretan.iOS\Cretan.iOS.csproj", "{15560098-1854-4739-B358-A7961521D48E}"
EndProject
Project("{FAE04EC0-301F-11D3-BF4B-00C04F79EFBC}") = "Cretan.UWP", "Cretan\Cretan.UWP\Cretan.UWP.csproj", "{F12893F0-A3DC-4156-BA3A-F6914E1F9E8F}"
EndProject
Project("{9A19103F-16F7-4668-BE54-9A1E7A4F7556}") = "Cretan", "Cretan\Cretan\Cretan.csproj", "{ACC1A8AD-1F23-4EEE-AC37-9596D26792A2}"
EndProject
Project("{9A19103F-16F7-4668-BE54-9A1E7A4F7556}") = "Cretan.Contracts", "Cretan.Contracts\Cretan.Contracts.csproj", "{F5AF69D6-311C-4E97-84FB-B6276F6918FD}"
EndProject
Project("{9A19103F-16F7-4668-BE54-9A1E7A4F7556}") = "Cretan.DeviceControl", "Cretan.DeviceControl\Cretan.DeviceControl.csproj", "{1A636593-8126-4A63-AFEA-12D43903FAE6}"
EndProject
Project("{FAE04EC0-301F-11D3-BF4B-00C04F79EFBC}") = "Cretan.Services", "Cretan.Services\Cretan.Services.csproj", "{8EE41333-A695-408F-AA81-DC76D68AB78D}"
EndProject
Global
	GlobalSection(SolutionConfigurationPlatforms) = preSolution
		Ad-Hoc|Any CPU = Ad-Hoc|Any CPU
		Ad-Hoc|ARM = Ad-Hoc|ARM
		Ad-Hoc|iPhone = Ad-Hoc|iPhone
		Ad-Hoc|iPhoneSimulator = Ad-Hoc|iPhoneSimulator
		Ad-Hoc|x64 = Ad-Hoc|x64
		Ad-Hoc|x86 = Ad-Hoc|x86
		AppStore|Any CPU = AppStore|Any CPU
		AppStore|ARM = AppStore|ARM
		AppStore|iPhone = AppStore|iPhone
		AppStore|iPhoneSimulator = AppStore|iPhoneSimulator
		AppStore|x64 = AppStore|x64
		AppStore|x86 = AppStore|x86
		Debug|Any CPU = Debug|Any CPU
		Debug|ARM = Debug|ARM
		Debug|iPhone = Debug|iPhone
		Debug|iPhoneSimulator = Debug|iPhoneSimulator
		Debug|x64 = Debug|x64
		Debug|x86 = Debug|x86
		Release|Any CPU = Release|Any CPU
		Release|ARM = Release|ARM
		Release|iPhone = Release|iPhone
		Release|iPhoneSimulator = Release|iPhoneSimulator
		Release|x64 = Release|x64
		Release|x86 = Release|x86
	EndGlobalSection
	GlobalSection(ProjectConfigurationPlatforms) = postSolution
		{6B373408-19B0-4DC9-B9BB-C491AFF0406A}.Ad-Hoc|Any CPU.ActiveCfg = Release|Any CPU
		{6B373408-19B0-4DC9-B9BB-C491AFF0406A}.Ad-Hoc|Any CPU.Build.0 = Release|Any CPU
		{6B373408-19B0-4DC9-B9BB-C491AFF0406A}.Ad-Hoc|Any CPU.Deploy.0 = Release|Any CPU
		{6B373408-19B0-4DC9-B9BB-C491AFF0406A}.Ad-Hoc|ARM.ActiveCfg = Release|Any CPU
		{6B373408-19B0-4DC9-B9BB-C491AFF0406A}.Ad-Hoc|ARM.Build.0 = Release|Any CPU
		{6B373408-19B0-4DC9-B9BB-C491AFF0406A}.Ad-Hoc|ARM.Deploy.0 = Release|Any CPU
		{6B373408-19B0-4DC9-B9BB-C491AFF0406A}.Ad-Hoc|iPhone.ActiveCfg = Release|Any CPU
		{6B373408-19B0-4DC9-B9BB-C491AFF0406A}.Ad-Hoc|iPhone.Build.0 = Release|Any CPU
		{6B373408-19B0-4DC9-B9BB-C491AFF0406A}.Ad-Hoc|iPhone.Deploy.0 = Release|Any CPU
		{6B373408-19B0-4DC9-B9BB-C491AFF0406A}.Ad-Hoc|iPhoneSimulator.ActiveCfg = Release|Any CPU
		{6B373408-19B0-4DC9-B9BB-C491AFF0406A}.Ad-Hoc|iPhoneSimulator.Build.0 = Release|Any CPU
		{6B373408-19B0-4DC9-B9BB-C491AFF0406A}.Ad-Hoc|iPhoneSimulator.Deploy.0 = Release|Any CPU
		{6B373408-19B0-4DC9-B9BB-C491AFF0406A}.Ad-Hoc|x64.ActiveCfg = Release|Any CPU
		{6B373408-19B0-4DC9-B9BB-C491AFF0406A}.Ad-Hoc|x64.Build.0 = Release|Any CPU
		{6B373408-19B0-4DC9-B9BB-C491AFF0406A}.Ad-Hoc|x64.Deploy.0 = Release|Any CPU
		{6B373408-19B0-4DC9-B9BB-C491AFF0406A}.Ad-Hoc|x86.ActiveCfg = Release|Any CPU
		{6B373408-19B0-4DC9-B9BB-C491AFF0406A}.Ad-Hoc|x86.Build.0 = Release|Any CPU
		{6B373408-19B0-4DC9-B9BB-C491AFF0406A}.Ad-Hoc|x86.Deploy.0 = Release|Any CPU
		{6B373408-19B0-4DC9-B9BB-C491AFF0406A}.AppStore|Any CPU.ActiveCfg = Release|Any CPU
		{6B373408-19B0-4DC9-B9BB-C491AFF0406A}.AppStore|Any CPU.Build.0 = Release|Any CPU
		{6B373408-19B0-4DC9-B9BB-C491AFF0406A}.AppStore|Any CPU.Deploy.0 = Release|Any CPU
		{6B373408-19B0-4DC9-B9BB-C491AFF0406A}.AppStore|ARM.ActiveCfg = Release|Any CPU
		{6B373408-19B0-4DC9-B9BB-C491AFF0406A}.AppStore|ARM.Build.0 = Release|Any CPU
		{6B373408-19B0-4DC9-B9BB-C491AFF0406A}.AppStore|ARM.Deploy.0 = Release|Any CPU
		{6B373408-19B0-4DC9-B9BB-C491AFF0406A}.AppStore|iPhone.ActiveCfg = Release|Any CPU
		{6B373408-19B0-4DC9-B9BB-C491AFF0406A}.AppStore|iPhone.Build.0 = Release|Any CPU
		{6B373408-19B0-4DC9-B9BB-C491AFF0406A}.AppStore|iPhone.Deploy.0 = Release|Any CPU
		{6B373408-19B0-4DC9-B9BB-C491AFF0406A}.AppStore|iPhoneSimulator.ActiveCfg = Release|Any CPU
		{6B373408-19B0-4DC9-B9BB-C491AFF0406A}.AppStore|iPhoneSimulator.Build.0 = Release|Any CPU
		{6B373408-19B0-4DC9-B9BB-C491AFF0406A}.AppStore|iPhoneSimulator.Deploy.0 = Release|Any CPU
		{6B373408-19B0-4DC9-B9BB-C491AFF0406A}.AppStore|x64.ActiveCfg = Release|Any CPU
		{6B373408-19B0-4DC9-B9BB-C491AFF0406A}.AppStore|x64.Build.0 = Release|Any CPU
		{6B373408-19B0-4DC9-B9BB-C491AFF0406A}.AppStore|x64.Deploy.0 = Release|Any CPU
		{6B373408-19B0-4DC9-B9BB-C491AFF0406A}.AppStore|x86.ActiveCfg = Release|Any CPU
		{6B373408-19B0-4DC9-B9BB-C491AFF0406A}.AppStore|x86.Build.0 = Release|Any CPU
		{6B373408-19B0-4DC9-B9BB-C491AFF0406A}.AppStore|x86.Deploy.0 = Release|Any CPU
		{6B373408-19B0-4DC9-B9BB-C491AFF0406A}.Debug|Any CPU.ActiveCfg = Debug|Any CPU
		{6B373408-19B0-4DC9-B9BB-C491AFF0406A}.Debug|Any CPU.Build.0 = Debug|Any CPU
		{6B373408-19B0-4DC9-B9BB-C491AFF0406A}.Debug|Any CPU.Deploy.0 = Debug|Any CPU
		{6B373408-19B0-4DC9-B9BB-C491AFF0406A}.Debug|ARM.ActiveCfg = Debug|Any CPU
		{6B373408-19B0-4DC9-B9BB-C491AFF0406A}.Debug|ARM.Build.0 = Debug|Any CPU
		{6B373408-19B0-4DC9-B9BB-C491AFF0406A}.Debug|ARM.Deploy.0 = Debug|Any CPU
		{6B373408-19B0-4DC9-B9BB-C491AFF0406A}.Debug|iPhone.ActiveCfg = Debug|Any CPU
		{6B373408-19B0-4DC9-B9BB-C491AFF0406A}.Debug|iPhone.Build.0 = Debug|Any CPU
		{6B373408-19B0-4DC9-B9BB-C491AFF0406A}.Debug|iPhone.Deploy.0 = Debug|Any CPU
		{6B373408-19B0-4DC9-B9BB-C491AFF0406A}.Debug|iPhoneSimulator.ActiveCfg = Debug|Any CPU
		{6B373408-19B0-4DC9-B9BB-C491AFF0406A}.Debug|iPhoneSimulator.Build.0 = Debug|Any CPU
		{6B373408-19B0-4DC9-B9BB-C491AFF0406A}.Debug|iPhoneSimulator.Deploy.0 = Debug|Any CPU
		{6B373408-19B0-4DC9-B9BB-C491AFF0406A}.Debug|x64.ActiveCfg = Debug|Any CPU
		{6B373408-19B0-4DC9-B9BB-C491AFF0406A}.Debug|x64.Build.0 = Debug|Any CPU
		{6B373408-19B0-4DC9-B9BB-C491AFF0406A}.Debug|x64.Deploy.0 = Debug|Any CPU
		{6B373408-19B0-4DC9-B9BB-C491AFF0406A}.Debug|x86.ActiveCfg = Debug|Any CPU
		{6B373408-19B0-4DC9-B9BB-C491AFF0406A}.Debug|x86.Build.0 = Debug|Any CPU
		{6B373408-19B0-4DC9-B9BB-C491AFF0406A}.Debug|x86.Deploy.0 = Debug|Any CPU
		{6B373408-19B0-4DC9-B9BB-C491AFF0406A}.Release|Any CPU.ActiveCfg = Release|Any CPU
		{6B373408-19B0-4DC9-B9BB-C491AFF0406A}.Release|Any CPU.Build.0 = Release|Any CPU
		{6B373408-19B0-4DC9-B9BB-C491AFF0406A}.Release|Any CPU.Deploy.0 = Release|Any CPU
		{6B373408-19B0-4DC9-B9BB-C491AFF0406A}.Release|ARM.ActiveCfg = Release|Any CPU
		{6B373408-19B0-4DC9-B9BB-C491AFF0406A}.Release|ARM.Build.0 = Release|Any CPU
		{6B373408-19B0-4DC9-B9BB-C491AFF0406A}.Release|ARM.Deploy.0 = Release|Any CPU
		{6B373408-19B0-4DC9-B9BB-C491AFF0406A}.Release|iPhone.ActiveCfg = Release|Any CPU
		{6B373408-19B0-4DC9-B9BB-C491AFF0406A}.Release|iPhone.Build.0 = Release|Any CPU
		{6B373408-19B0-4DC9-B9BB-C491AFF0406A}.Release|iPhone.Deploy.0 = Release|Any CPU
		{6B373408-19B0-4DC9-B9BB-C491AFF0406A}.Release|iPhoneSimulator.ActiveCfg = Release|Any CPU
		{6B373408-19B0-4DC9-B9BB-C491AFF0406A}.Release|iPhoneSimulator.Build.0 = Release|Any CPU
		{6B373408-19B0-4DC9-B9BB-C491AFF0406A}.Release|iPhoneSimulator.Deploy.0 = Release|Any CPU
		{6B373408-19B0-4DC9-B9BB-C491AFF0406A}.Release|x64.ActiveCfg = Release|Any CPU
		{6B373408-19B0-4DC9-B9BB-C491AFF0406A}.Release|x64.Build.0 = Release|Any CPU
		{6B373408-19B0-4DC9-B9BB-C491AFF0406A}.Release|x64.Deploy.0 = Release|Any CPU
		{6B373408-19B0-4DC9-B9BB-C491AFF0406A}.Release|x86.ActiveCfg = Release|Any CPU
		{6B373408-19B0-4DC9-B9BB-C491AFF0406A}.Release|x86.Build.0 = Release|Any CPU
		{6B373408-19B0-4DC9-B9BB-C491AFF0406A}.Release|x86.Deploy.0 = Release|Any CPU
		{15560098-1854-4739-B358-A7961521D48E}.Ad-Hoc|Any CPU.ActiveCfg = Ad-Hoc|iPhone
		{15560098-1854-4739-B358-A7961521D48E}.Ad-Hoc|Any CPU.Build.0 = Ad-Hoc|iPhone
		{15560098-1854-4739-B358-A7961521D48E}.Ad-Hoc|Any CPU.Deploy.0 = Ad-Hoc|iPhone
		{15560098-1854-4739-B358-A7961521D48E}.Ad-Hoc|ARM.ActiveCfg = Ad-Hoc|iPhone
		{15560098-1854-4739-B358-A7961521D48E}.Ad-Hoc|ARM.Build.0 = Ad-Hoc|iPhone
		{15560098-1854-4739-B358-A7961521D48E}.Ad-Hoc|ARM.Deploy.0 = Ad-Hoc|iPhone
		{15560098-1854-4739-B358-A7961521D48E}.Ad-Hoc|iPhone.ActiveCfg = Ad-Hoc|iPhone
		{15560098-1854-4739-B358-A7961521D48E}.Ad-Hoc|iPhone.Build.0 = Ad-Hoc|iPhone
		{15560098-1854-4739-B358-A7961521D48E}.Ad-Hoc|iPhone.Deploy.0 = Ad-Hoc|iPhone
		{15560098-1854-4739-B358-A7961521D48E}.Ad-Hoc|iPhoneSimulator.ActiveCfg = Ad-Hoc|iPhoneSimulator
		{15560098-1854-4739-B358-A7961521D48E}.Ad-Hoc|iPhoneSimulator.Build.0 = Ad-Hoc|iPhoneSimulator
		{15560098-1854-4739-B358-A7961521D48E}.Ad-Hoc|iPhoneSimulator.Deploy.0 = Ad-Hoc|iPhoneSimulator
		{15560098-1854-4739-B358-A7961521D48E}.Ad-Hoc|x64.ActiveCfg = Ad-Hoc|iPhone
		{15560098-1854-4739-B358-A7961521D48E}.Ad-Hoc|x64.Build.0 = Ad-Hoc|iPhone
		{15560098-1854-4739-B358-A7961521D48E}.Ad-Hoc|x64.Deploy.0 = Ad-Hoc|iPhone
		{15560098-1854-4739-B358-A7961521D48E}.Ad-Hoc|x86.ActiveCfg = Ad-Hoc|iPhone
		{15560098-1854-4739-B358-A7961521D48E}.Ad-Hoc|x86.Build.0 = Ad-Hoc|iPhone
		{15560098-1854-4739-B358-A7961521D48E}.Ad-Hoc|x86.Deploy.0 = Ad-Hoc|iPhone
		{15560098-1854-4739-B358-A7961521D48E}.AppStore|Any CPU.ActiveCfg = AppStore|iPhone
		{15560098-1854-4739-B358-A7961521D48E}.AppStore|Any CPU.Build.0 = AppStore|iPhone
		{15560098-1854-4739-B358-A7961521D48E}.AppStore|Any CPU.Deploy.0 = AppStore|iPhone
		{15560098-1854-4739-B358-A7961521D48E}.AppStore|ARM.ActiveCfg = AppStore|iPhone
		{15560098-1854-4739-B358-A7961521D48E}.AppStore|ARM.Build.0 = AppStore|iPhone
		{15560098-1854-4739-B358-A7961521D48E}.AppStore|ARM.Deploy.0 = AppStore|iPhone
		{15560098-1854-4739-B358-A7961521D48E}.AppStore|iPhone.ActiveCfg = AppStore|iPhone
		{15560098-1854-4739-B358-A7961521D48E}.AppStore|iPhone.Build.0 = AppStore|iPhone
		{15560098-1854-4739-B358-A7961521D48E}.AppStore|iPhone.Deploy.0 = AppStore|iPhone
		{15560098-1854-4739-B358-A7961521D48E}.AppStore|iPhoneSimulator.ActiveCfg = AppStore|iPhoneSimulator
		{15560098-1854-4739-B358-A7961521D48E}.AppStore|iPhoneSimulator.Build.0 = AppStore|iPhoneSimulator
		{15560098-1854-4739-B358-A7961521D48E}.AppStore|iPhoneSimulator.Deploy.0 = AppStore|iPhoneSimulator
		{15560098-1854-4739-B358-A7961521D48E}.AppStore|x64.ActiveCfg = AppStore|iPhone
		{15560098-1854-4739-B358-A7961521D48E}.AppStore|x64.Build.0 = AppStore|iPhone
		{15560098-1854-4739-B358-A7961521D48E}.AppStore|x64.Deploy.0 = AppStore|iPhone
		{15560098-1854-4739-B358-A7961521D48E}.AppStore|x86.ActiveCfg = AppStore|iPhone
		{15560098-1854-4739-B358-A7961521D48E}.AppStore|x86.Build.0 = AppStore|iPhone
		{15560098-1854-4739-B358-A7961521D48E}.AppStore|x86.Deploy.0 = AppStore|iPhone
		{15560098-1854-4739-B358-A7961521D48E}.Debug|Any CPU.ActiveCfg = Debug|iPhoneSimulator
		{15560098-1854-4739-B358-A7961521D48E}.Debug|Any CPU.Build.0 = Debug|iPhoneSimulator
		{15560098-1854-4739-B358-A7961521D48E}.Debug|Any CPU.Deploy.0 = Debug|iPhoneSimulator
		{15560098-1854-4739-B358-A7961521D48E}.Debug|ARM.ActiveCfg = Debug|iPhone
		{15560098-1854-4739-B358-A7961521D48E}.Debug|ARM.Build.0 = Debug|iPhone
		{15560098-1854-4739-B358-A7961521D48E}.Debug|ARM.Deploy.0 = Debug|iPhone
		{15560098-1854-4739-B358-A7961521D48E}.Debug|iPhone.ActiveCfg = Debug|iPhone
		{15560098-1854-4739-B358-A7961521D48E}.Debug|iPhone.Build.0 = Debug|iPhone
		{15560098-1854-4739-B358-A7961521D48E}.Debug|iPhone.Deploy.0 = Debug|iPhone
		{15560098-1854-4739-B358-A7961521D48E}.Debug|iPhoneSimulator.ActiveCfg = Debug|iPhoneSimulator
		{15560098-1854-4739-B358-A7961521D48E}.Debug|iPhoneSimulator.Build.0 = Debug|iPhoneSimulator
		{15560098-1854-4739-B358-A7961521D48E}.Debug|iPhoneSimulator.Deploy.0 = Debug|iPhoneSimulator
		{15560098-1854-4739-B358-A7961521D48E}.Debug|x64.ActiveCfg = Debug|iPhone
		{15560098-1854-4739-B358-A7961521D48E}.Debug|x64.Build.0 = Debug|iPhone
		{15560098-1854-4739-B358-A7961521D48E}.Debug|x64.Deploy.0 = Debug|iPhone
		{15560098-1854-4739-B358-A7961521D48E}.Debug|x86.ActiveCfg = Debug|iPhone
		{15560098-1854-4739-B358-A7961521D48E}.Debug|x86.Build.0 = Debug|iPhone
		{15560098-1854-4739-B358-A7961521D48E}.Debug|x86.Deploy.0 = Debug|iPhone
		{15560098-1854-4739-B358-A7961521D48E}.Release|Any CPU.ActiveCfg = Release|iPhone
		{15560098-1854-4739-B358-A7961521D48E}.Release|Any CPU.Build.0 = Release|iPhone
		{15560098-1854-4739-B358-A7961521D48E}.Release|Any CPU.Deploy.0 = Release|iPhone
		{15560098-1854-4739-B358-A7961521D48E}.Release|ARM.ActiveCfg = Release|iPhone
		{15560098-1854-4739-B358-A7961521D48E}.Release|ARM.Build.0 = Release|iPhone
		{15560098-1854-4739-B358-A7961521D48E}.Release|ARM.Deploy.0 = Release|iPhone
		{15560098-1854-4739-B358-A7961521D48E}.Release|iPhone.ActiveCfg = Release|iPhone
		{15560098-1854-4739-B358-A7961521D48E}.Release|iPhone.Build.0 = Release|iPhone
		{15560098-1854-4739-B358-A7961521D48E}.Release|iPhone.Deploy.0 = Release|iPhone
		{15560098-1854-4739-B358-A7961521D48E}.Release|iPhoneSimulator.ActiveCfg = Release|iPhoneSimulator
		{15560098-1854-4739-B358-A7961521D48E}.Release|iPhoneSimulator.Build.0 = Release|iPhoneSimulator
		{15560098-1854-4739-B358-A7961521D48E}.Release|iPhoneSimulator.Deploy.0 = Release|iPhoneSimulator
		{15560098-1854-4739-B358-A7961521D48E}.Release|x64.ActiveCfg = Release|iPhone
		{15560098-1854-4739-B358-A7961521D48E}.Release|x64.Build.0 = Release|iPhone
		{15560098-1854-4739-B358-A7961521D48E}.Release|x64.Deploy.0 = Release|iPhone
		{15560098-1854-4739-B358-A7961521D48E}.Release|x86.ActiveCfg = Release|iPhone
		{15560098-1854-4739-B358-A7961521D48E}.Release|x86.Build.0 = Release|iPhone
		{15560098-1854-4739-B358-A7961521D48E}.Release|x86.Deploy.0 = Release|iPhone
		{F12893F0-A3DC-4156-BA3A-F6914E1F9E8F}.Ad-Hoc|Any CPU.ActiveCfg = Release|x86
		{F12893F0-A3DC-4156-BA3A-F6914E1F9E8F}.Ad-Hoc|Any CPU.Build.0 = Release|x86
		{F12893F0-A3DC-4156-BA3A-F6914E1F9E8F}.Ad-Hoc|Any CPU.Deploy.0 = Release|x86
		{F12893F0-A3DC-4156-BA3A-F6914E1F9E8F}.Ad-Hoc|ARM.ActiveCfg = Release|ARM
		{F12893F0-A3DC-4156-BA3A-F6914E1F9E8F}.Ad-Hoc|ARM.Build.0 = Release|ARM
		{F12893F0-A3DC-4156-BA3A-F6914E1F9E8F}.Ad-Hoc|ARM.Deploy.0 = Release|ARM
		{F12893F0-A3DC-4156-BA3A-F6914E1F9E8F}.Ad-Hoc|iPhone.ActiveCfg = Release|x86
		{F12893F0-A3DC-4156-BA3A-F6914E1F9E8F}.Ad-Hoc|iPhone.Build.0 = Release|x86
		{F12893F0-A3DC-4156-BA3A-F6914E1F9E8F}.Ad-Hoc|iPhone.Deploy.0 = Release|x86
		{F12893F0-A3DC-4156-BA3A-F6914E1F9E8F}.Ad-Hoc|iPhoneSimulator.ActiveCfg = Release|x86
		{F12893F0-A3DC-4156-BA3A-F6914E1F9E8F}.Ad-Hoc|iPhoneSimulator.Build.0 = Release|x86
		{F12893F0-A3DC-4156-BA3A-F6914E1F9E8F}.Ad-Hoc|iPhoneSimulator.Deploy.0 = Release|x86
		{F12893F0-A3DC-4156-BA3A-F6914E1F9E8F}.Ad-Hoc|x64.ActiveCfg = Release|x64
		{F12893F0-A3DC-4156-BA3A-F6914E1F9E8F}.Ad-Hoc|x64.Build.0 = Release|x64
		{F12893F0-A3DC-4156-BA3A-F6914E1F9E8F}.Ad-Hoc|x64.Deploy.0 = Release|x64
		{F12893F0-A3DC-4156-BA3A-F6914E1F9E8F}.Ad-Hoc|x86.ActiveCfg = Release|x86
		{F12893F0-A3DC-4156-BA3A-F6914E1F9E8F}.Ad-Hoc|x86.Build.0 = Release|x86
		{F12893F0-A3DC-4156-BA3A-F6914E1F9E8F}.Ad-Hoc|x86.Deploy.0 = Release|x86
		{F12893F0-A3DC-4156-BA3A-F6914E1F9E8F}.AppStore|Any CPU.ActiveCfg = Release|x86
		{F12893F0-A3DC-4156-BA3A-F6914E1F9E8F}.AppStore|Any CPU.Build.0 = Release|x86
		{F12893F0-A3DC-4156-BA3A-F6914E1F9E8F}.AppStore|Any CPU.Deploy.0 = Release|x86
		{F12893F0-A3DC-4156-BA3A-F6914E1F9E8F}.AppStore|ARM.ActiveCfg = Release|ARM
		{F12893F0-A3DC-4156-BA3A-F6914E1F9E8F}.AppStore|ARM.Build.0 = Release|ARM
		{F12893F0-A3DC-4156-BA3A-F6914E1F9E8F}.AppStore|ARM.Deploy.0 = Release|ARM
		{F12893F0-A3DC-4156-BA3A-F6914E1F9E8F}.AppStore|iPhone.ActiveCfg = Release|x86
		{F12893F0-A3DC-4156-BA3A-F6914E1F9E8F}.AppStore|iPhone.Build.0 = Release|x86
		{F12893F0-A3DC-4156-BA3A-F6914E1F9E8F}.AppStore|iPhone.Deploy.0 = Release|x86
		{F12893F0-A3DC-4156-BA3A-F6914E1F9E8F}.AppStore|iPhoneSimulator.ActiveCfg = Release|x86
		{F12893F0-A3DC-4156-BA3A-F6914E1F9E8F}.AppStore|iPhoneSimulator.Build.0 = Release|x86
		{F12893F0-A3DC-4156-BA3A-F6914E1F9E8F}.AppStore|iPhoneSimulator.Deploy.0 = Release|x86
		{F12893F0-A3DC-4156-BA3A-F6914E1F9E8F}.AppStore|x64.ActiveCfg = Release|x64
		{F12893F0-A3DC-4156-BA3A-F6914E1F9E8F}.AppStore|x64.Build.0 = Release|x64
		{F12893F0-A3DC-4156-BA3A-F6914E1F9E8F}.AppStore|x64.Deploy.0 = Release|x64
		{F12893F0-A3DC-4156-BA3A-F6914E1F9E8F}.AppStore|x86.ActiveCfg = Release|x86
		{F12893F0-A3DC-4156-BA3A-F6914E1F9E8F}.AppStore|x86.Build.0 = Release|x86
		{F12893F0-A3DC-4156-BA3A-F6914E1F9E8F}.AppStore|x86.Deploy.0 = Release|x86
		{F12893F0-A3DC-4156-BA3A-F6914E1F9E8F}.Debug|Any CPU.ActiveCfg = Debug|x86
		{F12893F0-A3DC-4156-BA3A-F6914E1F9E8F}.Debug|Any CPU.Build.0 = Debug|x86
		{F12893F0-A3DC-4156-BA3A-F6914E1F9E8F}.Debug|Any CPU.Deploy.0 = Debug|x86
		{F12893F0-A3DC-4156-BA3A-F6914E1F9E8F}.Debug|ARM.ActiveCfg = Debug|ARM
		{F12893F0-A3DC-4156-BA3A-F6914E1F9E8F}.Debug|ARM.Build.0 = Debug|ARM
		{F12893F0-A3DC-4156-BA3A-F6914E1F9E8F}.Debug|ARM.Deploy.0 = Debug|ARM
		{F12893F0-A3DC-4156-BA3A-F6914E1F9E8F}.Debug|iPhone.ActiveCfg = Debug|x86
		{F12893F0-A3DC-4156-BA3A-F6914E1F9E8F}.Debug|iPhone.Build.0 = Debug|x86
		{F12893F0-A3DC-4156-BA3A-F6914E1F9E8F}.Debug|iPhone.Deploy.0 = Debug|x86
		{F12893F0-A3DC-4156-BA3A-F6914E1F9E8F}.Debug|iPhoneSimulator.ActiveCfg = Debug|x86
		{F12893F0-A3DC-4156-BA3A-F6914E1F9E8F}.Debug|iPhoneSimulator.Build.0 = Debug|x86
		{F12893F0-A3DC-4156-BA3A-F6914E1F9E8F}.Debug|iPhoneSimulator.Deploy.0 = Debug|x86
		{F12893F0-A3DC-4156-BA3A-F6914E1F9E8F}.Debug|x64.ActiveCfg = Debug|x64
		{F12893F0-A3DC-4156-BA3A-F6914E1F9E8F}.Debug|x64.Build.0 = Debug|x64
		{F12893F0-A3DC-4156-BA3A-F6914E1F9E8F}.Debug|x64.Deploy.0 = Debug|x64
		{F12893F0-A3DC-4156-BA3A-F6914E1F9E8F}.Debug|x86.ActiveCfg = Debug|x86
		{F12893F0-A3DC-4156-BA3A-F6914E1F9E8F}.Debug|x86.Build.0 = Debug|x86
		{F12893F0-A3DC-4156-BA3A-F6914E1F9E8F}.Debug|x86.Deploy.0 = Debug|x86
		{F12893F0-A3DC-4156-BA3A-F6914E1F9E8F}.Release|Any CPU.ActiveCfg = Release|x86
		{F12893F0-A3DC-4156-BA3A-F6914E1F9E8F}.Release|Any CPU.Build.0 = Release|x86
		{F12893F0-A3DC-4156-BA3A-F6914E1F9E8F}.Release|Any CPU.Deploy.0 = Release|x86
		{F12893F0-A3DC-4156-BA3A-F6914E1F9E8F}.Release|ARM.ActiveCfg = Release|ARM
		{F12893F0-A3DC-4156-BA3A-F6914E1F9E8F}.Release|ARM.Build.0 = Release|ARM
		{F12893F0-A3DC-4156-BA3A-F6914E1F9E8F}.Release|ARM.Deploy.0 = Release|ARM
		{F12893F0-A3DC-4156-BA3A-F6914E1F9E8F}.Release|iPhone.ActiveCfg = Release|x86
		{F12893F0-A3DC-4156-BA3A-F6914E1F9E8F}.Release|iPhone.Build.0 = Release|x86
		{F12893F0-A3DC-4156-BA3A-F6914E1F9E8F}.Release|iPhone.Deploy.0 = Release|x86
		{F12893F0-A3DC-4156-BA3A-F6914E1F9E8F}.Release|iPhoneSimulator.ActiveCfg = Release|x86
		{F12893F0-A3DC-4156-BA3A-F6914E1F9E8F}.Release|iPhoneSimulator.Build.0 = Release|x86
		{F12893F0-A3DC-4156-BA3A-F6914E1F9E8F}.Release|iPhoneSimulator.Deploy.0 = Release|x86
		{F12893F0-A3DC-4156-BA3A-F6914E1F9E8F}.Release|x64.ActiveCfg = Release|x64
		{F12893F0-A3DC-4156-BA3A-F6914E1F9E8F}.Release|x64.Build.0 = Release|x64
		{F12893F0-A3DC-4156-BA3A-F6914E1F9E8F}.Release|x64.Deploy.0 = Release|x64
		{F12893F0-A3DC-4156-BA3A-F6914E1F9E8F}.Release|x86.ActiveCfg = Release|x86
		{F12893F0-A3DC-4156-BA3A-F6914E1F9E8F}.Release|x86.Build.0 = Release|x86
		{F12893F0-A3DC-4156-BA3A-F6914E1F9E8F}.Release|x86.Deploy.0 = Release|x86
		{ACC1A8AD-1F23-4EEE-AC37-9596D26792A2}.Ad-Hoc|Any CPU.ActiveCfg = Debug|Any CPU
		{ACC1A8AD-1F23-4EEE-AC37-9596D26792A2}.Ad-Hoc|Any CPU.Build.0 = Debug|Any CPU
		{ACC1A8AD-1F23-4EEE-AC37-9596D26792A2}.Ad-Hoc|Any CPU.Deploy.0 = Debug|Any CPU
		{ACC1A8AD-1F23-4EEE-AC37-9596D26792A2}.Ad-Hoc|ARM.ActiveCfg = Debug|Any CPU
		{ACC1A8AD-1F23-4EEE-AC37-9596D26792A2}.Ad-Hoc|ARM.Build.0 = Debug|Any CPU
		{ACC1A8AD-1F23-4EEE-AC37-9596D26792A2}.Ad-Hoc|ARM.Deploy.0 = Debug|Any CPU
		{ACC1A8AD-1F23-4EEE-AC37-9596D26792A2}.Ad-Hoc|iPhone.ActiveCfg = Debug|Any CPU
		{ACC1A8AD-1F23-4EEE-AC37-9596D26792A2}.Ad-Hoc|iPhone.Build.0 = Debug|Any CPU
		{ACC1A8AD-1F23-4EEE-AC37-9596D26792A2}.Ad-Hoc|iPhone.Deploy.0 = Debug|Any CPU
		{ACC1A8AD-1F23-4EEE-AC37-9596D26792A2}.Ad-Hoc|iPhoneSimulator.ActiveCfg = Debug|Any CPU
		{ACC1A8AD-1F23-4EEE-AC37-9596D26792A2}.Ad-Hoc|iPhoneSimulator.Build.0 = Debug|Any CPU
		{ACC1A8AD-1F23-4EEE-AC37-9596D26792A2}.Ad-Hoc|iPhoneSimulator.Deploy.0 = Debug|Any CPU
		{ACC1A8AD-1F23-4EEE-AC37-9596D26792A2}.Ad-Hoc|x64.ActiveCfg = Debug|Any CPU
		{ACC1A8AD-1F23-4EEE-AC37-9596D26792A2}.Ad-Hoc|x64.Build.0 = Debug|Any CPU
		{ACC1A8AD-1F23-4EEE-AC37-9596D26792A2}.Ad-Hoc|x64.Deploy.0 = Debug|Any CPU
		{ACC1A8AD-1F23-4EEE-AC37-9596D26792A2}.Ad-Hoc|x86.ActiveCfg = Debug|Any CPU
		{ACC1A8AD-1F23-4EEE-AC37-9596D26792A2}.Ad-Hoc|x86.Build.0 = Debug|Any CPU
		{ACC1A8AD-1F23-4EEE-AC37-9596D26792A2}.Ad-Hoc|x86.Deploy.0 = Debug|Any CPU
		{ACC1A8AD-1F23-4EEE-AC37-9596D26792A2}.AppStore|Any CPU.ActiveCfg = Debug|Any CPU
		{ACC1A8AD-1F23-4EEE-AC37-9596D26792A2}.AppStore|Any CPU.Build.0 = Debug|Any CPU
		{ACC1A8AD-1F23-4EEE-AC37-9596D26792A2}.AppStore|Any CPU.Deploy.0 = Debug|Any CPU
		{ACC1A8AD-1F23-4EEE-AC37-9596D26792A2}.AppStore|ARM.ActiveCfg = Debug|Any CPU
		{ACC1A8AD-1F23-4EEE-AC37-9596D26792A2}.AppStore|ARM.Build.0 = Debug|Any CPU
		{ACC1A8AD-1F23-4EEE-AC37-9596D26792A2}.AppStore|ARM.Deploy.0 = Debug|Any CPU
		{ACC1A8AD-1F23-4EEE-AC37-9596D26792A2}.AppStore|iPhone.ActiveCfg = Debug|Any CPU
		{ACC1A8AD-1F23-4EEE-AC37-9596D26792A2}.AppStore|iPhone.Build.0 = Debug|Any CPU
		{ACC1A8AD-1F23-4EEE-AC37-9596D26792A2}.AppStore|iPhone.Deploy.0 = Debug|Any CPU
		{ACC1A8AD-1F23-4EEE-AC37-9596D26792A2}.AppStore|iPhoneSimulator.ActiveCfg = Debug|Any CPU
		{ACC1A8AD-1F23-4EEE-AC37-9596D26792A2}.AppStore|iPhoneSimulator.Build.0 = Debug|Any CPU
		{ACC1A8AD-1F23-4EEE-AC37-9596D26792A2}.AppStore|iPhoneSimulator.Deploy.0 = Debug|Any CPU
		{ACC1A8AD-1F23-4EEE-AC37-9596D26792A2}.AppStore|x64.ActiveCfg = Debug|Any CPU
		{ACC1A8AD-1F23-4EEE-AC37-9596D26792A2}.AppStore|x64.Build.0 = Debug|Any CPU
		{ACC1A8AD-1F23-4EEE-AC37-9596D26792A2}.AppStore|x64.Deploy.0 = Debug|Any CPU
		{ACC1A8AD-1F23-4EEE-AC37-9596D26792A2}.AppStore|x86.ActiveCfg = Debug|Any CPU
		{ACC1A8AD-1F23-4EEE-AC37-9596D26792A2}.AppStore|x86.Build.0 = Debug|Any CPU
		{ACC1A8AD-1F23-4EEE-AC37-9596D26792A2}.AppStore|x86.Deploy.0 = Debug|Any CPU
		{ACC1A8AD-1F23-4EEE-AC37-9596D26792A2}.Debug|Any CPU.ActiveCfg = Debug|Any CPU
		{ACC1A8AD-1F23-4EEE-AC37-9596D26792A2}.Debug|Any CPU.Build.0 = Debug|Any CPU
		{ACC1A8AD-1F23-4EEE-AC37-9596D26792A2}.Debug|Any CPU.Deploy.0 = Debug|Any CPU
		{ACC1A8AD-1F23-4EEE-AC37-9596D26792A2}.Debug|ARM.ActiveCfg = Debug|Any CPU
		{ACC1A8AD-1F23-4EEE-AC37-9596D26792A2}.Debug|ARM.Build.0 = Debug|Any CPU
		{ACC1A8AD-1F23-4EEE-AC37-9596D26792A2}.Debug|ARM.Deploy.0 = Debug|Any CPU
		{ACC1A8AD-1F23-4EEE-AC37-9596D26792A2}.Debug|iPhone.ActiveCfg = Debug|Any CPU
		{ACC1A8AD-1F23-4EEE-AC37-9596D26792A2}.Debug|iPhone.Build.0 = Debug|Any CPU
		{ACC1A8AD-1F23-4EEE-AC37-9596D26792A2}.Debug|iPhone.Deploy.0 = Debug|Any CPU
		{ACC1A8AD-1F23-4EEE-AC37-9596D26792A2}.Debug|iPhoneSimulator.ActiveCfg = Debug|Any CPU
		{ACC1A8AD-1F23-4EEE-AC37-9596D26792A2}.Debug|iPhoneSimulator.Build.0 = Debug|Any CPU
		{ACC1A8AD-1F23-4EEE-AC37-9596D26792A2}.Debug|iPhoneSimulator.Deploy.0 = Debug|Any CPU
		{ACC1A8AD-1F23-4EEE-AC37-9596D26792A2}.Debug|x64.ActiveCfg = Debug|Any CPU
		{ACC1A8AD-1F23-4EEE-AC37-9596D26792A2}.Debug|x64.Build.0 = Debug|Any CPU
		{ACC1A8AD-1F23-4EEE-AC37-9596D26792A2}.Debug|x64.Deploy.0 = Debug|Any CPU
		{ACC1A8AD-1F23-4EEE-AC37-9596D26792A2}.Debug|x86.ActiveCfg = Debug|Any CPU
		{ACC1A8AD-1F23-4EEE-AC37-9596D26792A2}.Debug|x86.Build.0 = Debug|Any CPU
		{ACC1A8AD-1F23-4EEE-AC37-9596D26792A2}.Debug|x86.Deploy.0 = Debug|Any CPU
		{ACC1A8AD-1F23-4EEE-AC37-9596D26792A2}.Release|Any CPU.ActiveCfg = Release|Any CPU
		{ACC1A8AD-1F23-4EEE-AC37-9596D26792A2}.Release|Any CPU.Build.0 = Release|Any CPU
		{ACC1A8AD-1F23-4EEE-AC37-9596D26792A2}.Release|Any CPU.Deploy.0 = Release|Any CPU
		{ACC1A8AD-1F23-4EEE-AC37-9596D26792A2}.Release|ARM.ActiveCfg = Release|Any CPU
		{ACC1A8AD-1F23-4EEE-AC37-9596D26792A2}.Release|ARM.Build.0 = Release|Any CPU
		{ACC1A8AD-1F23-4EEE-AC37-9596D26792A2}.Release|ARM.Deploy.0 = Release|Any CPU
		{ACC1A8AD-1F23-4EEE-AC37-9596D26792A2}.Release|iPhone.ActiveCfg = Release|Any CPU
		{ACC1A8AD-1F23-4EEE-AC37-9596D26792A2}.Release|iPhone.Build.0 = Release|Any CPU
		{ACC1A8AD-1F23-4EEE-AC37-9596D26792A2}.Release|iPhone.Deploy.0 = Release|Any CPU
		{ACC1A8AD-1F23-4EEE-AC37-9596D26792A2}.Release|iPhoneSimulator.ActiveCfg = Release|Any CPU
		{ACC1A8AD-1F23-4EEE-AC37-9596D26792A2}.Release|iPhoneSimulator.Build.0 = Release|Any CPU
		{ACC1A8AD-1F23-4EEE-AC37-9596D26792A2}.Release|iPhoneSimulator.Deploy.0 = Release|Any CPU
		{ACC1A8AD-1F23-4EEE-AC37-9596D26792A2}.Release|x64.ActiveCfg = Release|Any CPU
		{ACC1A8AD-1F23-4EEE-AC37-9596D26792A2}.Release|x64.Build.0 = Release|Any CPU
		{ACC1A8AD-1F23-4EEE-AC37-9596D26792A2}.Release|x64.Deploy.0 = Release|Any CPU
		{ACC1A8AD-1F23-4EEE-AC37-9596D26792A2}.Release|x86.ActiveCfg = Release|Any CPU
		{ACC1A8AD-1F23-4EEE-AC37-9596D26792A2}.Release|x86.Build.0 = Release|Any CPU
		{ACC1A8AD-1F23-4EEE-AC37-9596D26792A2}.Release|x86.Deploy.0 = Release|Any CPU
		{F5AF69D6-311C-4E97-84FB-B6276F6918FD}.Ad-Hoc|Any CPU.ActiveCfg = Debug|Any CPU
		{F5AF69D6-311C-4E97-84FB-B6276F6918FD}.Ad-Hoc|Any CPU.Build.0 = Debug|Any CPU
		{F5AF69D6-311C-4E97-84FB-B6276F6918FD}.Ad-Hoc|ARM.ActiveCfg = Debug|Any CPU
		{F5AF69D6-311C-4E97-84FB-B6276F6918FD}.Ad-Hoc|ARM.Build.0 = Debug|Any CPU
		{F5AF69D6-311C-4E97-84FB-B6276F6918FD}.Ad-Hoc|iPhone.ActiveCfg = Debug|Any CPU
		{F5AF69D6-311C-4E97-84FB-B6276F6918FD}.Ad-Hoc|iPhone.Build.0 = Debug|Any CPU
		{F5AF69D6-311C-4E97-84FB-B6276F6918FD}.Ad-Hoc|iPhoneSimulator.ActiveCfg = Debug|Any CPU
		{F5AF69D6-311C-4E97-84FB-B6276F6918FD}.Ad-Hoc|iPhoneSimulator.Build.0 = Debug|Any CPU
		{F5AF69D6-311C-4E97-84FB-B6276F6918FD}.Ad-Hoc|x64.ActiveCfg = Debug|Any CPU
		{F5AF69D6-311C-4E97-84FB-B6276F6918FD}.Ad-Hoc|x64.Build.0 = Debug|Any CPU
		{F5AF69D6-311C-4E97-84FB-B6276F6918FD}.Ad-Hoc|x86.ActiveCfg = Debug|Any CPU
		{F5AF69D6-311C-4E97-84FB-B6276F6918FD}.Ad-Hoc|x86.Build.0 = Debug|Any CPU
		{F5AF69D6-311C-4E97-84FB-B6276F6918FD}.AppStore|Any CPU.ActiveCfg = Debug|Any CPU
		{F5AF69D6-311C-4E97-84FB-B6276F6918FD}.AppStore|Any CPU.Build.0 = Debug|Any CPU
		{F5AF69D6-311C-4E97-84FB-B6276F6918FD}.AppStore|ARM.ActiveCfg = Debug|Any CPU
		{F5AF69D6-311C-4E97-84FB-B6276F6918FD}.AppStore|ARM.Build.0 = Debug|Any CPU
		{F5AF69D6-311C-4E97-84FB-B6276F6918FD}.AppStore|iPhone.ActiveCfg = Debug|Any CPU
		{F5AF69D6-311C-4E97-84FB-B6276F6918FD}.AppStore|iPhone.Build.0 = Debug|Any CPU
		{F5AF69D6-311C-4E97-84FB-B6276F6918FD}.AppStore|iPhoneSimulator.ActiveCfg = Debug|Any CPU
		{F5AF69D6-311C-4E97-84FB-B6276F6918FD}.AppStore|iPhoneSimulator.Build.0 = Debug|Any CPU
		{F5AF69D6-311C-4E97-84FB-B6276F6918FD}.AppStore|x64.ActiveCfg = Debug|Any CPU
		{F5AF69D6-311C-4E97-84FB-B6276F6918FD}.AppStore|x64.Build.0 = Debug|Any CPU
		{F5AF69D6-311C-4E97-84FB-B6276F6918FD}.AppStore|x86.ActiveCfg = Debug|Any CPU
		{F5AF69D6-311C-4E97-84FB-B6276F6918FD}.AppStore|x86.Build.0 = Debug|Any CPU
		{F5AF69D6-311C-4E97-84FB-B6276F6918FD}.Debug|Any CPU.ActiveCfg = Debug|Any CPU
		{F5AF69D6-311C-4E97-84FB-B6276F6918FD}.Debug|Any CPU.Build.0 = Debug|Any CPU
		{F5AF69D6-311C-4E97-84FB-B6276F6918FD}.Debug|ARM.ActiveCfg = Debug|Any CPU
		{F5AF69D6-311C-4E97-84FB-B6276F6918FD}.Debug|ARM.Build.0 = Debug|Any CPU
		{F5AF69D6-311C-4E97-84FB-B6276F6918FD}.Debug|iPhone.ActiveCfg = Debug|Any CPU
		{F5AF69D6-311C-4E97-84FB-B6276F6918FD}.Debug|iPhone.Build.0 = Debug|Any CPU
		{F5AF69D6-311C-4E97-84FB-B6276F6918FD}.Debug|iPhoneSimulator.ActiveCfg = Debug|Any CPU
		{F5AF69D6-311C-4E97-84FB-B6276F6918FD}.Debug|iPhoneSimulator.Build.0 = Debug|Any CPU
		{F5AF69D6-311C-4E97-84FB-B6276F6918FD}.Debug|x64.ActiveCfg = Debug|Any CPU
		{F5AF69D6-311C-4E97-84FB-B6276F6918FD}.Debug|x64.Build.0 = Debug|Any CPU
		{F5AF69D6-311C-4E97-84FB-B6276F6918FD}.Debug|x86.ActiveCfg = Debug|Any CPU
		{F5AF69D6-311C-4E97-84FB-B6276F6918FD}.Debug|x86.Build.0 = Debug|Any CPU
		{F5AF69D6-311C-4E97-84FB-B6276F6918FD}.Release|Any CPU.ActiveCfg = Release|Any CPU
		{F5AF69D6-311C-4E97-84FB-B6276F6918FD}.Release|Any CPU.Build.0 = Release|Any CPU
		{F5AF69D6-311C-4E97-84FB-B6276F6918FD}.Release|ARM.ActiveCfg = Release|Any CPU
		{F5AF69D6-311C-4E97-84FB-B6276F6918FD}.Release|ARM.Build.0 = Release|Any CPU
		{F5AF69D6-311C-4E97-84FB-B6276F6918FD}.Release|iPhone.ActiveCfg = Release|Any CPU
		{F5AF69D6-311C-4E97-84FB-B6276F6918FD}.Release|iPhone.Build.0 = Release|Any CPU
		{F5AF69D6-311C-4E97-84FB-B6276F6918FD}.Release|iPhoneSimulator.ActiveCfg = Release|Any CPU
		{F5AF69D6-311C-4E97-84FB-B6276F6918FD}.Release|iPhoneSimulator.Build.0 = Release|Any CPU
		{F5AF69D6-311C-4E97-84FB-B6276F6918FD}.Release|x64.ActiveCfg = Release|Any CPU
		{F5AF69D6-311C-4E97-84FB-B6276F6918FD}.Release|x64.Build.0 = Release|Any CPU
		{F5AF69D6-311C-4E97-84FB-B6276F6918FD}.Release|x86.ActiveCfg = Release|Any CPU
		{F5AF69D6-311C-4E97-84FB-B6276F6918FD}.Release|x86.Build.0 = Release|Any CPU
		{1A636593-8126-4A63-AFEA-12D43903FAE6}.Ad-Hoc|Any CPU.ActiveCfg = Debug|Any CPU
		{1A636593-8126-4A63-AFEA-12D43903FAE6}.Ad-Hoc|Any CPU.Build.0 = Debug|Any CPU
		{1A636593-8126-4A63-AFEA-12D43903FAE6}.Ad-Hoc|ARM.ActiveCfg = Debug|Any CPU
		{1A636593-8126-4A63-AFEA-12D43903FAE6}.Ad-Hoc|ARM.Build.0 = Debug|Any CPU
		{1A636593-8126-4A63-AFEA-12D43903FAE6}.Ad-Hoc|iPhone.ActiveCfg = Debug|Any CPU
		{1A636593-8126-4A63-AFEA-12D43903FAE6}.Ad-Hoc|iPhone.Build.0 = Debug|Any CPU
		{1A636593-8126-4A63-AFEA-12D43903FAE6}.Ad-Hoc|iPhoneSimulator.ActiveCfg = Debug|Any CPU
		{1A636593-8126-4A63-AFEA-12D43903FAE6}.Ad-Hoc|iPhoneSimulator.Build.0 = Debug|Any CPU
		{1A636593-8126-4A63-AFEA-12D43903FAE6}.Ad-Hoc|x64.ActiveCfg = Debug|Any CPU
		{1A636593-8126-4A63-AFEA-12D43903FAE6}.Ad-Hoc|x64.Build.0 = Debug|Any CPU
		{1A636593-8126-4A63-AFEA-12D43903FAE6}.Ad-Hoc|x86.ActiveCfg = Debug|Any CPU
		{1A636593-8126-4A63-AFEA-12D43903FAE6}.Ad-Hoc|x86.Build.0 = Debug|Any CPU
		{1A636593-8126-4A63-AFEA-12D43903FAE6}.AppStore|Any CPU.ActiveCfg = Debug|Any CPU
		{1A636593-8126-4A63-AFEA-12D43903FAE6}.AppStore|Any CPU.Build.0 = Debug|Any CPU
		{1A636593-8126-4A63-AFEA-12D43903FAE6}.AppStore|ARM.ActiveCfg = Debug|Any CPU
		{1A636593-8126-4A63-AFEA-12D43903FAE6}.AppStore|ARM.Build.0 = Debug|Any CPU
		{1A636593-8126-4A63-AFEA-12D43903FAE6}.AppStore|iPhone.ActiveCfg = Debug|Any CPU
		{1A636593-8126-4A63-AFEA-12D43903FAE6}.AppStore|iPhone.Build.0 = Debug|Any CPU
		{1A636593-8126-4A63-AFEA-12D43903FAE6}.AppStore|iPhoneSimulator.ActiveCfg = Debug|Any CPU
		{1A636593-8126-4A63-AFEA-12D43903FAE6}.AppStore|iPhoneSimulator.Build.0 = Debug|Any CPU
		{1A636593-8126-4A63-AFEA-12D43903FAE6}.AppStore|x64.ActiveCfg = Debug|Any CPU
		{1A636593-8126-4A63-AFEA-12D43903FAE6}.AppStore|x64.Build.0 = Debug|Any CPU
		{1A636593-8126-4A63-AFEA-12D43903FAE6}.AppStore|x86.ActiveCfg = Debug|Any CPU
		{1A636593-8126-4A63-AFEA-12D43903FAE6}.AppStore|x86.Build.0 = Debug|Any CPU
		{1A636593-8126-4A63-AFEA-12D43903FAE6}.Debug|Any CPU.ActiveCfg = Debug|Any CPU
		{1A636593-8126-4A63-AFEA-12D43903FAE6}.Debug|Any CPU.Build.0 = Debug|Any CPU
		{1A636593-8126-4A63-AFEA-12D43903FAE6}.Debug|ARM.ActiveCfg = Debug|Any CPU
		{1A636593-8126-4A63-AFEA-12D43903FAE6}.Debug|ARM.Build.0 = Debug|Any CPU
		{1A636593-8126-4A63-AFEA-12D43903FAE6}.Debug|iPhone.ActiveCfg = Debug|Any CPU
		{1A636593-8126-4A63-AFEA-12D43903FAE6}.Debug|iPhone.Build.0 = Debug|Any CPU
		{1A636593-8126-4A63-AFEA-12D43903FAE6}.Debug|iPhoneSimulator.ActiveCfg = Debug|Any CPU
		{1A636593-8126-4A63-AFEA-12D43903FAE6}.Debug|iPhoneSimulator.Build.0 = Debug|Any CPU
		{1A636593-8126-4A63-AFEA-12D43903FAE6}.Debug|x64.ActiveCfg = Debug|Any CPU
		{1A636593-8126-4A63-AFEA-12D43903FAE6}.Debug|x64.Build.0 = Debug|Any CPU
		{1A636593-8126-4A63-AFEA-12D43903FAE6}.Debug|x86.ActiveCfg = Debug|Any CPU
		{1A636593-8126-4A63-AFEA-12D43903FAE6}.Debug|x86.Build.0 = Debug|Any CPU
		{1A636593-8126-4A63-AFEA-12D43903FAE6}.Release|Any CPU.ActiveCfg = Release|Any CPU
		{1A636593-8126-4A63-AFEA-12D43903FAE6}.Release|Any CPU.Build.0 = Release|Any CPU
		{1A636593-8126-4A63-AFEA-12D43903FAE6}.Release|ARM.ActiveCfg = Release|Any CPU
		{1A636593-8126-4A63-AFEA-12D43903FAE6}.Release|ARM.Build.0 = Release|Any CPU
		{1A636593-8126-4A63-AFEA-12D43903FAE6}.Release|iPhone.ActiveCfg = Release|Any CPU
		{1A636593-8126-4A63-AFEA-12D43903FAE6}.Release|iPhone.Build.0 = Release|Any CPU
		{1A636593-8126-4A63-AFEA-12D43903FAE6}.Release|iPhoneSimulator.ActiveCfg = Release|Any CPU
		{1A636593-8126-4A63-AFEA-12D43903FAE6}.Release|iPhoneSimulator.Build.0 = Release|Any CPU
		{1A636593-8126-4A63-AFEA-12D43903FAE6}.Release|x64.ActiveCfg = Release|Any CPU
		{1A636593-8126-4A63-AFEA-12D43903FAE6}.Release|x64.Build.0 = Release|Any CPU
		{1A636593-8126-4A63-AFEA-12D43903FAE6}.Release|x86.ActiveCfg = Release|Any CPU
		{1A636593-8126-4A63-AFEA-12D43903FAE6}.Release|x86.Build.0 = Release|Any CPU
		{8EE41333-A695-408F-AA81-DC76D68AB78D}.Ad-Hoc|Any CPU.ActiveCfg = Debug|Any CPU
		{8EE41333-A695-408F-AA81-DC76D68AB78D}.Ad-Hoc|Any CPU.Build.0 = Debug|Any CPU
		{8EE41333-A695-408F-AA81-DC76D68AB78D}.Ad-Hoc|ARM.ActiveCfg = Debug|Any CPU
		{8EE41333-A695-408F-AA81-DC76D68AB78D}.Ad-Hoc|ARM.Build.0 = Debug|Any CPU
		{8EE41333-A695-408F-AA81-DC76D68AB78D}.Ad-Hoc|iPhone.ActiveCfg = Debug|Any CPU
		{8EE41333-A695-408F-AA81-DC76D68AB78D}.Ad-Hoc|iPhone.Build.0 = Debug|Any CPU
		{8EE41333-A695-408F-AA81-DC76D68AB78D}.Ad-Hoc|iPhoneSimulator.ActiveCfg = Debug|Any CPU
		{8EE41333-A695-408F-AA81-DC76D68AB78D}.Ad-Hoc|iPhoneSimulator.Build.0 = Debug|Any CPU
		{8EE41333-A695-408F-AA81-DC76D68AB78D}.Ad-Hoc|x64.ActiveCfg = Debug|Any CPU
		{8EE41333-A695-408F-AA81-DC76D68AB78D}.Ad-Hoc|x64.Build.0 = Debug|Any CPU
		{8EE41333-A695-408F-AA81-DC76D68AB78D}.Ad-Hoc|x86.ActiveCfg = Debug|Any CPU
		{8EE41333-A695-408F-AA81-DC76D68AB78D}.Ad-Hoc|x86.Build.0 = Debug|Any CPU
		{8EE41333-A695-408F-AA81-DC76D68AB78D}.AppStore|Any CPU.ActiveCfg = Debug|Any CPU
		{8EE41333-A695-408F-AA81-DC76D68AB78D}.AppStore|Any CPU.Build.0 = Debug|Any CPU
		{8EE41333-A695-408F-AA81-DC76D68AB78D}.AppStore|ARM.ActiveCfg = Debug|Any CPU
		{8EE41333-A695-408F-AA81-DC76D68AB78D}.AppStore|ARM.Build.0 = Debug|Any CPU
		{8EE41333-A695-408F-AA81-DC76D68AB78D}.AppStore|iPhone.ActiveCfg = Debug|Any CPU
		{8EE41333-A695-408F-AA81-DC76D68AB78D}.AppStore|iPhone.Build.0 = Debug|Any CPU
		{8EE41333-A695-408F-AA81-DC76D68AB78D}.AppStore|iPhoneSimulator.ActiveCfg = Debug|Any CPU
		{8EE41333-A695-408F-AA81-DC76D68AB78D}.AppStore|iPhoneSimulator.Build.0 = Debug|Any CPU
		{8EE41333-A695-408F-AA81-DC76D68AB78D}.AppStore|x64.ActiveCfg = Debug|Any CPU
		{8EE41333-A695-408F-AA81-DC76D68AB78D}.AppStore|x64.Build.0 = Debug|Any CPU
		{8EE41333-A695-408F-AA81-DC76D68AB78D}.AppStore|x86.ActiveCfg = Debug|Any CPU
		{8EE41333-A695-408F-AA81-DC76D68AB78D}.AppStore|x86.Build.0 = Debug|Any CPU
		{8EE41333-A695-408F-AA81-DC76D68AB78D}.Debug|Any CPU.ActiveCfg = Debug|Any CPU
		{8EE41333-A695-408F-AA81-DC76D68AB78D}.Debug|Any CPU.Build.0 = Debug|Any CPU
		{8EE41333-A695-408F-AA81-DC76D68AB78D}.Debug|ARM.ActiveCfg = Debug|Any CPU
		{8EE41333-A695-408F-AA81-DC76D68AB78D}.Debug|ARM.Build.0 = Debug|Any CPU
		{8EE41333-A695-408F-AA81-DC76D68AB78D}.Debug|iPhone.ActiveCfg = Debug|Any CPU
		{8EE41333-A695-408F-AA81-DC76D68AB78D}.Debug|iPhone.Build.0 = Debug|Any CPU
		{8EE41333-A695-408F-AA81-DC76D68AB78D}.Debug|iPhoneSimulator.ActiveCfg = Debug|Any CPU
		{8EE41333-A695-408F-AA81-DC76D68AB78D}.Debug|iPhoneSimulator.Build.0 = Debug|Any CPU
		{8EE41333-A695-408F-AA81-DC76D68AB78D}.Debug|x64.ActiveCfg = Debug|Any CPU
		{8EE41333-A695-408F-AA81-DC76D68AB78D}.Debug|x64.Build.0 = Debug|Any CPU
		{8EE41333-A695-408F-AA81-DC76D68AB78D}.Debug|x86.ActiveCfg = Debug|Any CPU
		{8EE41333-A695-408F-AA81-DC76D68AB78D}.Debug|x86.Build.0 = Debug|Any CPU
		{8EE41333-A695-408F-AA81-DC76D68AB78D}.Release|Any CPU.ActiveCfg = Release|Any CPU
		{8EE41333-A695-408F-AA81-DC76D68AB78D}.Release|Any CPU.Build.0 = Release|Any CPU
		{8EE41333-A695-408F-AA81-DC76D68AB78D}.Release|ARM.ActiveCfg = Release|Any CPU
		{8EE41333-A695-408F-AA81-DC76D68AB78D}.Release|ARM.Build.0 = Release|Any CPU
		{8EE41333-A695-408F-AA81-DC76D68AB78D}.Release|iPhone.ActiveCfg = Release|Any CPU
		{8EE41333-A695-408F-AA81-DC76D68AB78D}.Release|iPhone.Build.0 = Release|Any CPU
		{8EE41333-A695-408F-AA81-DC76D68AB78D}.Release|iPhoneSimulator.ActiveCfg = Release|Any CPU
		{8EE41333-A695-408F-AA81-DC76D68AB78D}.Release|iPhoneSimulator.Build.0 = Release|Any CPU
		{8EE41333-A695-408F-AA81-DC76D68AB78D}.Release|x64.ActiveCfg = Release|Any CPU
		{8EE41333-A695-408F-AA81-DC76D68AB78D}.Release|x64.Build.0 = Release|Any CPU
		{8EE41333-A695-408F-AA81-DC76D68AB78D}.Release|x86.ActiveCfg = Release|Any CPU
		{8EE41333-A695-408F-AA81-DC76D68AB78D}.Release|x86.Build.0 = Release|Any CPU
	EndGlobalSection
	GlobalSection(SolutionProperties) = preSolution
		HideSolutionNode = FALSE
	EndGlobalSection
	GlobalSection(ExtensibilityGlobals) = postSolution
		SolutionGuid = {9B4CA120-BAEB-45A5-890D-477028D4A74B}
	EndGlobalSection
EndGlobal
